
Microsoft Visual Studio Solution File, Format Version 12.00
# Visual Studio Version 16
VisualStudioVersion = 16.0.30309.148
MinimumVisualStudioVersion = 10.0.40219.1
Project("{FAE04EC0-301F-11D3-BF4B-00C04F79EFBC}") = "SineTable Generator", "SineTable Generator.csproj", "{CAE0869E-2D78-40A2-A65F-9CABBC742069}"
EndProject
Global
	GlobalSection(SolutionConfigurationPlatforms) = preSolution
		Debug|Any CPU = Debug|Any CPU
		Release|Any CPU = Release|Any CPU
	EndGlobalSection
	GlobalSection(ProjectConfigurationPlatforms) = postSolution
		{CAE0869E-2D78-40A2-A65F-9CABBC742069}.Debug|Any CPU.ActiveCfg = Debug|Any CPU
		{CAE0869E-2D78-40A2-A65F-9CABBC742069}.Debug|Any CPU.Build.0 = Debug|Any CPU
		{CAE0869E-2D78-40A2-A65F-9CABBC742069}.Release|Any CPU.ActiveCfg = Release|Any CPU
		{CAE0869E-2D78-40A2-A65F-9CABBC742069}.Release|Any CPU.Build.0 = Release|Any CPU
	EndGlobalSection
	GlobalSection(SolutionProperties) = preSolution
		HideSolutionNode = FALSE
	EndGlobalSection
	GlobalSection(ExtensibilityGlobals) = postSolution
		SolutionGuid = {1A2B9B2D-BB47-4648-8369-2A325A8BCB3E}
	EndGlobalSection
EndGlobal
